
Microsoft Visual Studio Solution File, Format Version 12.00
# Visual Studio Version 16
VisualStudioVersion = 16.0.29911.84
MinimumVisualStudioVersion = 15.0.26124.0
Project("{9A19103F-16F7-4668-BE54-9A1E7A4F7556}") = "Yak.Gromo.Api", "Yak.Gromo.Api.csproj", "{DD26FEAB-2F3F-40DF-8437-9DEC98FDBB22}"
EndProject
Global
	GlobalSection(SolutionConfigurationPlatforms) = preSolution
		Debug|Any CPU = Debug|Any CPU
		Debug|x64 = Debug|x64
		Debug|x86 = Debug|x86
		Release|Any CPU = Release|Any CPU
		Release|x64 = Release|x64
		Release|x86 = Release|x86
	EndGlobalSection
	GlobalSection(ProjectConfigurationPlatforms) = postSolution
		{DD26FEAB-2F3F-40DF-8437-9DEC98FDBB22}.Debug|Any CPU.ActiveCfg = Debug|Any CPU
		{DD26FEAB-2F3F-40DF-8437-9DEC98FDBB22}.Debug|Any CPU.Build.0 = Debug|Any CPU
		{DD26FEAB-2F3F-40DF-8437-9DEC98FDBB22}.Debug|x64.ActiveCfg = Debug|Any CPU
		{DD26FEAB-2F3F-40DF-8437-9DEC98FDBB22}.Debug|x64.Build.0 = Debug|Any CPU
		{DD26FEAB-2F3F-40DF-8437-9DEC98FDBB22}.Debug|x86.ActiveCfg = Debug|Any CPU
		{DD26FEAB-2F3F-40DF-8437-9DEC98FDBB22}.Debug|x86.Build.0 = Debug|Any CPU
		{DD26FEAB-2F3F-40DF-8437-9DEC98FDBB22}.Release|Any CPU.ActiveCfg = Release|Any CPU
		{DD26FEAB-2F3F-40DF-8437-9DEC98FDBB22}.Release|Any CPU.Build.0 = Release|Any CPU
		{DD26FEAB-2F3F-40DF-8437-9DEC98FDBB22}.Release|x64.ActiveCfg = Release|Any CPU
		{DD26FEAB-2F3F-40DF-8437-9DEC98FDBB22}.Release|x64.Build.0 = Release|Any CPU
		{DD26FEAB-2F3F-40DF-8437-9DEC98FDBB22}.Release|x86.ActiveCfg = Release|Any CPU
		{DD26FEAB-2F3F-40DF-8437-9DEC98FDBB22}.Release|x86.Build.0 = Release|Any CPU
	EndGlobalSection
	GlobalSection(SolutionProperties) = preSolution
		HideSolutionNode = FALSE
	EndGlobalSection
	GlobalSection(ExtensibilityGlobals) = postSolution
		SolutionGuid = {5B1FF67B-4149-4A7D-8D59-EFA6A7293F78}
	EndGlobalSection
EndGlobal
